
Microsoft Visual Studio Solution File, Format Version 12.00
# Visual Studio Version 16
VisualStudioVersion = 16.0.31424.327
MinimumVisualStudioVersion = 10.0.40219.1
Project("{FAE04EC0-301F-11D3-BF4B-00C04F79EFBC}") = "TurismoReal_Departamentos.Api", "TurismoReal_Departamentos.Api\TurismoReal_Departamentos.Api.csproj", "{A1B3EA78-0DD9-40C1-9D7B-E28FD8313B57}"
EndProject
Project("{FAE04EC0-301F-11D3-BF4B-00C04F79EFBC}") = "TurismoReal_Departamentos.Core", "TurismoReal_Departamentos.Core\TurismoReal_Departamentos.Core.csproj", "{42AB4FEF-B981-4F11-AF4E-3D08DD4B252F}"
EndProject
Project("{FAE04EC0-301F-11D3-BF4B-00C04F79EFBC}") = "TurismoReal_Departamentos.Infra", "TurismoReal_Departamentos.Infra\TurismoReal_Departamentos.Infra.csproj", "{BD052172-F23F-4391-8276-F65CAAAE6444}"
EndProject
Global
	GlobalSection(SolutionConfigurationPlatforms) = preSolution
		Debug|Any CPU = Debug|Any CPU
		Release|Any CPU = Release|Any CPU
	EndGlobalSection
	GlobalSection(ProjectConfigurationPlatforms) = postSolution
		{A1B3EA78-0DD9-40C1-9D7B-E28FD8313B57}.Debug|Any CPU.ActiveCfg = Debug|Any CPU
		{A1B3EA78-0DD9-40C1-9D7B-E28FD8313B57}.Debug|Any CPU.Build.0 = Debug|Any CPU
		{A1B3EA78-0DD9-40C1-9D7B-E28FD8313B57}.Release|Any CPU.ActiveCfg = Release|Any CPU
		{A1B3EA78-0DD9-40C1-9D7B-E28FD8313B57}.Release|Any CPU.Build.0 = Release|Any CPU
		{42AB4FEF-B981-4F11-AF4E-3D08DD4B252F}.Debug|Any CPU.ActiveCfg = Debug|Any CPU
		{42AB4FEF-B981-4F11-AF4E-3D08DD4B252F}.Debug|Any CPU.Build.0 = Debug|Any CPU
		{42AB4FEF-B981-4F11-AF4E-3D08DD4B252F}.Release|Any CPU.ActiveCfg = Release|Any CPU
		{42AB4FEF-B981-4F11-AF4E-3D08DD4B252F}.Release|Any CPU.Build.0 = Release|Any CPU
		{BD052172-F23F-4391-8276-F65CAAAE6444}.Debug|Any CPU.ActiveCfg = Debug|Any CPU
		{BD052172-F23F-4391-8276-F65CAAAE6444}.Debug|Any CPU.Build.0 = Debug|Any CPU
		{BD052172-F23F-4391-8276-F65CAAAE6444}.Release|Any CPU.ActiveCfg = Release|Any CPU
		{BD052172-F23F-4391-8276-F65CAAAE6444}.Release|Any CPU.Build.0 = Release|Any CPU
	EndGlobalSection
	GlobalSection(SolutionProperties) = preSolution
		HideSolutionNode = FALSE
	EndGlobalSection
	GlobalSection(ExtensibilityGlobals) = postSolution
		SolutionGuid = {FC9C6D02-AE54-4B51-9786-3460FA431ED8}
	EndGlobalSection
EndGlobal
